// !$*UTF8*$!
{
	archiveVersion = 1;
	classes = {
	};
	objectVersion = 56;
	objects = {

/* Begin PBXBuildFile section */
		FB408D572D6F79AA009DA795 /* Agenda_shuffleApp.swift in Sources */ = {isa = PBXBuildFile; fileRef = FB408D562D6F79AA009DA795 /* Agenda_shuffleApp.swift */; };
		FB408D5B2D6F79AB009DA795 /* Assets.xcassets in Resources */ = {isa = PBXBuildFile; fileRef = FB408D5A2D6F79AB009DA795 /* Assets.xcassets */; };
		FB408D5E2D6F79AB009DA795 /* Preview Assets.xcassets in Resources */ = {isa = PBXBuildFile; fileRef = FB408D5D2D6F79AB009DA795 /* Preview Assets.xcassets */; };
		FB408D812D6F7C0A009DA795 /* PantallaAgenda.swift in Sources */ = {isa = PBXBuildFile; fileRef = FB408D802D6F7C0A009DA795 /* PantallaAgenda.swift */; };
		FB408D842D6F7FC2009DA795 /* contacto_prevista.swift in Sources */ = {isa = PBXBuildFile; fileRef = FB408D832D6F7FC2009DA795 /* contacto_prevista.swift */; };
		FB408D872D6F8715009DA795 /* contacto_agenda.swift in Sources */ = {isa = PBXBuildFile; fileRef = FB408D862D6F8715009DA795 /* contacto_agenda.swift */; };
/* End PBXBuildFile section */

/* Begin PBXContainerItemProxy section */
		FB408D642D6F79AB009DA795 /* PBXContainerItemProxy */ = {
			isa = PBXContainerItemProxy;
			containerPortal = FB408D4B2D6F79AA009DA795 /* Project object */;
			proxyType = 1;
			remoteGlobalIDString = FB408D522D6F79AA009DA795;
			remoteInfo = Agenda_shuffle;
		};
		FB408D6E2D6F79AB009DA795 /* PBXContainerItemProxy */ = {
			isa = PBXContainerItemProxy;
			containerPortal = FB408D4B2D6F79AA009DA795 /* Project object */;
			proxyType = 1;
			remoteGlobalIDString = FB408D522D6F79AA009DA795;
			remoteInfo = Agenda_shuffle;
		};
/* End PBXContainerItemProxy section */

/* Begin PBXFileReference section */
		FB408D532D6F79AA009DA795 /* Agenda_shuffle.app */ = {isa = PBXFileReference; explicitFileType = wrapper.application; includeInIndex = 0; path = Agenda_shuffle.app; sourceTree = BUILT_PRODUCTS_DIR; };
		FB408D562D6F79AA009DA795 /* Agenda_shuffleApp.swift */ = {isa = PBXFileReference; lastKnownFileType = sourcecode.swift; path = Agenda_shuffleApp.swift; sourceTree = "<group>"; };
		FB408D5A2D6F79AB009DA795 /* Assets.xcassets */ = {isa = PBXFileReference; lastKnownFileType = folder.assetcatalog; path = Assets.xcassets; sourceTree = "<group>"; };
		FB408D5D2D6F79AB009DA795 /* Preview Assets.xcassets */ = {isa = PBXFileReference; lastKnownFileType = folder.assetcatalog; path = "Preview Assets.xcassets"; sourceTree = "<group>"; };
		FB408D632D6F79AB009DA795 /* Agenda_shuffleTests.xctest */ = {isa = PBXFileReference; explicitFileType = wrapper.cfbundle; includeInIndex = 0; path = Agenda_shuffleTests.xctest; sourceTree = BUILT_PRODUCTS_DIR; };
		FB408D6D2D6F79AB009DA795 /* Agenda_shuffleUITests.xctest */ = {isa = PBXFileReference; explicitFileType = wrapper.cfbundle; includeInIndex = 0; path = Agenda_shuffleUITests.xctest; sourceTree = BUILT_PRODUCTS_DIR; };
		FB408D802D6F7C0A009DA795 /* PantallaAgenda.swift */ = {isa = PBXFileReference; lastKnownFileType = sourcecode.swift; path = PantallaAgenda.swift; sourceTree = "<group>"; };
		FB408D832D6F7FC2009DA795 /* contacto_prevista.swift */ = {isa = PBXFileReference; lastKnownFileType = sourcecode.swift; path = contacto_prevista.swift; sourceTree = "<group>"; };
		FB408D862D6F8715009DA795 /* contacto_agenda.swift */ = {isa = PBXFileReference; lastKnownFileType = sourcecode.swift; path = contacto_agenda.swift; sourceTree = "<group>"; };
/* End PBXFileReference section */

/* Begin PBXFrameworksBuildPhase section */
		FB408D502D6F79AA009DA795 /* Frameworks */ = {
			isa = PBXFrameworksBuildPhase;
			buildActionMask = 2147483647;
			files = (
			);
			runOnlyForDeploymentPostprocessing = 0;
		};
		FB408D602D6F79AB009DA795 /* Frameworks */ = {
			isa = PBXFrameworksBuildPhase;
			buildActionMask = 2147483647;
			files = (
			);
			runOnlyForDeploymentPostprocessing = 0;
		};
		FB408D6A2D6F79AB009DA795 /* Frameworks */ = {
			isa = PBXFrameworksBuildPhase;
			buildActionMask = 2147483647;
			files = (
			);
			runOnlyForDeploymentPostprocessing = 0;
		};
/* End PBXFrameworksBuildPhase section */

/* Begin PBXGroup section */
		FB408D4A2D6F79AA009DA795 = {
			isa = PBXGroup;
			children = (
				FB408D552D6F79AA009DA795 /* Agenda_shuffle */,
				FB408D542D6F79AA009DA795 /* Products */,
			);
			sourceTree = "<group>";
		};
		FB408D542D6F79AA009DA795 /* Products */ = {
			isa = PBXGroup;
			children = (
				FB408D532D6F79AA009DA795 /* Agenda_shuffle.app */,
				FB408D632D6F79AB009DA795 /* Agenda_shuffleTests.xctest */,
				FB408D6D2D6F79AB009DA795 /* Agenda_shuffleUITests.xctest */,
			);
			name = Products;
			sourceTree = "<group>";
		};
		FB408D552D6F79AA009DA795 /* Agenda_shuffle */ = {
			isa = PBXGroup;
			children = (
				FB408D852D6F85A7009DA795 /* modelos */,
				FB408D822D6F7F61009DA795 /* componentes */,
				FB408D562D6F79AA009DA795 /* Agenda_shuffleApp.swift */,
				FB408D5A2D6F79AB009DA795 /* Assets.xcassets */,
				FB408D5C2D6F79AB009DA795 /* Preview Content */,
				FB408D802D6F7C0A009DA795 /* PantallaAgenda.swift */,
			);
			path = Agenda_shuffle;
			sourceTree = "<group>";
		};
		FB408D5C2D6F79AB009DA795 /* Preview Content */ = {
			isa = PBXGroup;
			children = (
				FB408D5D2D6F79AB009DA795 /* Preview Assets.xcassets */,
			);
			path = "Preview Content";
			sourceTree = "<group>";
		};
		FB408D822D6F7F61009DA795 /* componentes */ = {
			isa = PBXGroup;
			children = (
				FB408D832D6F7FC2009DA795 /* contacto_prevista.swift */,
			);
			path = componentes;
			sourceTree = "<group>";
		};
		FB408D852D6F85A7009DA795 /* modelos */ = {
			isa = PBXGroup;
			children = (
				FB408D862D6F8715009DA795 /* contacto_agenda.swift */,
			);
			path = modelos;
			sourceTree = "<group>";
		};
/* End PBXGroup section */

/* Begin PBXNativeTarget section */
		FB408D522D6F79AA009DA795 /* Agenda_shuffle */ = {
			isa = PBXNativeTarget;
			buildConfigurationList = FB408D772D6F79AB009DA795 /* Build configuration list for PBXNativeTarget "Agenda_shuffle" */;
			buildPhases = (
				FB408D4F2D6F79AA009DA795 /* Sources */,
				FB408D502D6F79AA009DA795 /* Frameworks */,
				FB408D512D6F79AA009DA795 /* Resources */,
			);
			buildRules = (
			);
			dependencies = (
			);
			name = Agenda_shuffle;
			productName = Agenda_shuffle;
			productReference = FB408D532D6F79AA009DA795 /* Agenda_shuffle.app */;
			productType = "com.apple.product-type.application";
		};
		FB408D622D6F79AB009DA795 /* Agenda_shuffleTests */ = {
			isa = PBXNativeTarget;
			buildConfigurationList = FB408D7A2D6F79AB009DA795 /* Build configuration list for PBXNativeTarget "Agenda_shuffleTests" */;
			buildPhases = (
				FB408D5F2D6F79AB009DA795 /* Sources */,
				FB408D602D6F79AB009DA795 /* Frameworks */,
				FB408D612D6F79AB009DA795 /* Resources */,
			);
			buildRules = (
			);
			dependencies = (
				FB408D652D6F79AB009DA795 /* PBXTargetDependency */,
			);
			name = Agenda_shuffleTests;
			productName = Agenda_shuffleTests;
			productReference = FB408D632D6F79AB009DA795 /* Agenda_shuffleTests.xctest */;
			productType = "com.apple.product-type.bundle.unit-test";
		};
		FB408D6C2D6F79AB009DA795 /* Agenda_shuffleUITests */ = {
			isa = PBXNativeTarget;
			buildConfigurationList = FB408D7D2D6F79AB009DA795 /* Build configuration list for PBXNativeTarget "Agenda_shuffleUITests" */;
			buildPhases = (
				FB408D692D6F79AB009DA795 /* Sources */,
				FB408D6A2D6F79AB009DA795 /* Frameworks */,
				FB408D6B2D6F79AB009DA795 /* Resources */,
			);
			buildRules = (
			);
			dependencies = (
				FB408D6F2D6F79AB009DA795 /* PBXTargetDependency */,
			);
			name = Agenda_shuffleUITests;
			productName = Agenda_shuffleUITests;
			productReference = FB408D6D2D6F79AB009DA795 /* Agenda_shuffleUITests.xctest */;
			productType = "com.apple.product-type.bundle.ui-testing";
		};
/* End PBXNativeTarget section */

/* Begin PBXProject section */
		FB408D4B2D6F79AA009DA795 /* Project object */ = {
			isa = PBXProject;
			attributes = {
				BuildIndependentTargetsInParallel = 1;
				LastSwiftUpdateCheck = 1540;
				LastUpgradeCheck = 1540;
				TargetAttributes = {
					FB408D522D6F79AA009DA795 = {
						CreatedOnToolsVersion = 15.4;
					};
					FB408D622D6F79AB009DA795 = {
						CreatedOnToolsVersion = 15.4;
						TestTargetID = FB408D522D6F79AA009DA795;
					};
					FB408D6C2D6F79AB009DA795 = {
						CreatedOnToolsVersion = 15.4;
						TestTargetID = FB408D522D6F79AA009DA795;
					};
				};
			};
			buildConfigurationList = FB408D4E2D6F79AA009DA795 /* Build configuration list for PBXProject "Agenda_shuffle" */;
			compatibilityVersion = "Xcode 14.0";
			developmentRegion = en;
			hasScannedForEncodings = 0;
			knownRegions = (
				en,
				Base,
			);
			mainGroup = FB408D4A2D6F79AA009DA795;
			productRefGroup = FB408D542D6F79AA009DA795 /* Products */;
			projectDirPath = "";
			projectRoot = "";
			targets = (
				FB408D522D6F79AA009DA795 /* Agenda_shuffle */,
				FB408D622D6F79AB009DA795 /* Agenda_shuffleTests */,
				FB408D6C2D6F79AB009DA795 /* Agenda_shuffleUITests */,
			);
		};
/* End PBXProject section */

/* Begin PBXResourcesBuildPhase section */
		FB408D512D6F79AA009DA795 /* Resources */ = {
			isa = PBXResourcesBuildPhase;
			buildActionMask = 2147483647;
			files = (
				FB408D5E2D6F79AB009DA795 /* Preview Assets.xcassets in Resources */,
				FB408D5B2D6F79AB009DA795 /* Assets.xcassets in Resources */,
			);
			runOnlyForDeploymentPostprocessing = 0;
		};
		FB408D612D6F79AB009DA795 /* Resources */ = {
			isa = PBXResourcesBuildPhase;
			buildActionMask = 2147483647;
			files = (
			);
			runOnlyForDeploymentPostprocessing = 0;
		};
		FB408D6B2D6F79AB009DA795 /* Resources */ = {
			isa = PBXResourcesBuildPhase;
			buildActionMask = 2147483647;
			files = (
			);
			runOnlyForDeploymentPostprocessing = 0;
		};
/* End PBXResourcesBuildPhase section */

/* Begin PBXSourcesBuildPhase section */
		FB408D4F2D6F79AA009DA795 /* Sources */ = {
			isa = PBXSourcesBuildPhase;
			buildActionMask = 2147483647;
			files = (
				FB408D812D6F7C0A009DA795 /* PantallaAgenda.swift in Sources */,
				FB408D842D6F7FC2009DA795 /* contacto_prevista.swift in Sources */,
				FB408D872D6F8715009DA795 /* contacto_agenda.swift in Sources */,
				FB408D572D6F79AA009DA795 /* Agenda_shuffleApp.swift in Sources */,
			);
			runOnlyForDeploymentPostprocessing = 0;
		};
		FB408D5F2D6F79AB009DA795 /* Sources */ = {
			isa = PBXSourcesBuildPhase;
			buildActionMask = 2147483647;
			files = (
			);
			runOnlyForDeploymentPostprocessing = 0;
		};
		FB408D692D6F79AB009DA795 /* Sources */ = {
			isa = PBXSourcesBuildPhase;
			buildActionMask = 2147483647;
			files = (
			);
			runOnlyForDeploymentPostprocessing = 0;
		};
/* End PBXSourcesBuildPhase section */

/* Begin PBXTargetDependency section */
		FB408D652D6F79AB009DA795 /* PBXTargetDependency */ = {
			isa = PBXTargetDependency;
			target = FB408D522D6F79AA009DA795 /* Agenda_shuffle */;
			targetProxy = FB408D642D6F79AB009DA795 /* PBXContainerItemProxy */;
		};
		FB408D6F2D6F79AB009DA795 /* PBXTargetDependency */ = {
			isa = PBXTargetDependency;
			target = FB408D522D6F79AA009DA795 /* Agenda_shuffle */;
			targetProxy = FB408D6E2D6F79AB009DA795 /* PBXContainerItemProxy */;
		};
/* End PBXTargetDependency section */

/* Begin XCBuildConfiguration section */
		FB408D752D6F79AB009DA795 /* Debug */ = {
			isa = XCBuildConfiguration;
			buildSettings = {
				ALWAYS_SEARCH_USER_PATHS = NO;
				ASSETCATALOG_COMPILER_GENERATE_SWIFT_ASSET_SYMBOL_EXTENSIONS = YES;
				CLANG_ANALYZER_NONNULL = YES;
				CLANG_ANALYZER_NUMBER_OBJECT_CONVERSION = YES_AGGRESSIVE;
				CLANG_CXX_LANGUAGE_STANDARD = "gnu++20";
				CLANG_ENABLE_MODULES = YES;
				CLANG_ENABLE_OBJC_ARC = YES;
				CLANG_ENABLE_OBJC_WEAK = YES;
				CLANG_WARN_BLOCK_CAPTURE_AUTORELEASING = YES;
				CLANG_WARN_BOOL_CONVERSION = YES;
				CLANG_WARN_COMMA = YES;
				CLANG_WARN_CONSTANT_CONVERSION = YES;
				CLANG_WARN_DEPRECATED_OBJC_IMPLEMENTATIONS = YES;
				CLANG_WARN_DIRECT_OBJC_ISA_USAGE = YES_ERROR;
				CLANG_WARN_DOCUMENTATION_COMMENTS = YES;
				CLANG_WARN_EMPTY_BODY = YES;
				CLANG_WARN_ENUM_CONVERSION = YES;
				CLANG_WARN_INFINITE_RECURSION = YES;
				CLANG_WARN_INT_CONVERSION = YES;
				CLANG_WARN_NON_LITERAL_NULL_CONVERSION = YES;
				CLANG_WARN_OBJC_IMPLICIT_RETAIN_SELF = YES;
				CLANG_WARN_OBJC_LITERAL_CONVERSION = YES;
				CLANG_WARN_OBJC_ROOT_CLASS = YES_ERROR;
				CLANG_WARN_QUOTED_INCLUDE_IN_FRAMEWORK_HEADER = YES;
				CLANG_WARN_RANGE_LOOP_ANALYSIS = YES;
				CLANG_WARN_STRICT_PROTOTYPES = YES;
				CLANG_WARN_SUSPICIOUS_MOVE = YES;
				CLANG_WARN_UNGUARDED_AVAILABILITY = YES_AGGRESSIVE;
				CLANG_WARN_UNREACHABLE_CODE = YES;
				CLANG_WARN__DUPLICATE_METHOD_MATCH = YES;
				COPY_PHASE_STRIP = NO;
				DEBUG_INFORMATION_FORMAT = dwarf;
				ENABLE_STRICT_OBJC_MSGSEND = YES;
				ENABLE_TESTABILITY = YES;
				ENABLE_USER_SCRIPT_SANDBOXING = YES;
				GCC_C_LANGUAGE_STANDARD = gnu17;
				GCC_DYNAMIC_NO_PIC = NO;
				GCC_NO_COMMON_BLOCKS = YES;
				GCC_OPTIMIZATION_LEVEL = 0;
				GCC_PREPROCESSOR_DEFINITIONS = (
					"DEBUG=1",
					"$(inherited)",
				);
				GCC_WARN_64_TO_32_BIT_CONVERSION = YES;
				GCC_WARN_ABOUT_RETURN_TYPE = YES_ERROR;
				GCC_WARN_UNDECLARED_SELECTOR = YES;
				GCC_WARN_UNINITIALIZED_AUTOS = YES_AGGRESSIVE;
				GCC_WARN_UNUSED_FUNCTION = YES;
				GCC_WARN_UNUSED_VARIABLE = YES;
				IPHONEOS_DEPLOYMENT_TARGET = 17.5;
				LOCALIZATION_PREFERS_STRING_CATALOGS = YES;
				MTL_ENABLE_DEBUG_INFO = INCLUDE_SOURCE;
				MTL_FAST_MATH = YES;
				ONLY_ACTIVE_ARCH = YES;
				SDKROOT = iphoneos;
				SWIFT_ACTIVE_COMPILATION_CONDITIONS = "DEBUG $(inherited)";
				SWIFT_OPTIMIZATION_LEVEL = "-Onone";
			};
			name = Debug;
		};
		FB408D762D6F79AB009DA795 /* Release */ = {
			isa = XCBuildConfiguration;
			buildSettings = {
				ALWAYS_SEARCH_USER_PATHS = NO;
				ASSETCATALOG_COMPILER_GENERATE_SWIFT_ASSET_SYMBOL_EXTENSIONS = YES;
				CLANG_ANALYZER_NONNULL = YES;
				CLANG_ANALYZER_NUMBER_OBJECT_CONVERSION = YES_AGGRESSIVE;
				CLANG_CXX_LANGUAGE_STANDARD = "gnu++20";
				CLANG_ENABLE_MODULES = YES;
				CLANG_ENABLE_OBJC_ARC = YES;
				CLANG_ENABLE_OBJC_WEAK = YES;
				CLANG_WARN_BLOCK_CAPTURE_AUTORELEASING = YES;
				CLANG_WARN_BOOL_CONVERSION = YES;
				CLANG_WARN_COMMA = YES;
				CLANG_WARN_CONSTANT_CONVERSION = YES;
				CLANG_WARN_DEPRECATED_OBJC_IMPLEMENTATIONS = YES;
				CLANG_WARN_DIRECT_OBJC_ISA_USAGE = YES_ERROR;
				CLANG_WARN_DOCUMENTATION_COMMENTS = YES;
				CLANG_WARN_EMPTY_BODY = YES;
				CLANG_WARN_ENUM_CONVERSION = YES;
				CLANG_WARN_INFINITE_RECURSION = YES;
				CLANG_WARN_INT_CONVERSION = YES;
				CLANG_WARN_NON_LITERAL_NULL_CONVERSION = YES;
				CLANG_WARN_OBJC_IMPLICIT_RETAIN_SELF = YES;
				CLANG_WARN_OBJC_LITERAL_CONVERSION = YES;
				CLANG_WARN_OBJC_ROOT_CLASS = YES_ERROR;
				CLANG_WARN_QUOTED_INCLUDE_IN_FRAMEWORK_HEADER = YES;
				CLANG_WARN_RANGE_LOOP_ANALYSIS = YES;
				CLANG_WARN_STRICT_PROTOTYPES = YES;
				CLANG_WARN_SUSPICIOUS_MOVE = YES;
				CLANG_WARN_UNGUARDED_AVAILABILITY = YES_AGGRESSIVE;
				CLANG_WARN_UNREACHABLE_CODE = YES;
				CLANG_WARN__DUPLICATE_METHOD_MATCH = YES;
				COPY_PHASE_STRIP = NO;
				DEBUG_INFORMATION_FORMAT = "dwarf-with-dsym";
				ENABLE_NS_ASSERTIONS = NO;
				ENABLE_STRICT_OBJC_MSGSEND = YES;
				ENABLE_USER_SCRIPT_SANDBOXING = YES;
				GCC_C_LANGUAGE_STANDARD = gnu17;
				GCC_NO_COMMON_BLOCKS = YES;
				GCC_WARN_64_TO_32_BIT_CONVERSION = YES;
				GCC_WARN_ABOUT_RETURN_TYPE = YES_ERROR;
				GCC_WARN_UNDECLARED_SELECTOR = YES;
				GCC_WARN_UNINITIALIZED_AUTOS = YES_AGGRESSIVE;
				GCC_WARN_UNUSED_FUNCTION = YES;
				GCC_WARN_UNUSED_VARIABLE = YES;
				IPHONEOS_DEPLOYMENT_TARGET = 17.5;
				LOCALIZATION_PREFERS_STRING_CATALOGS = YES;
				MTL_ENABLE_DEBUG_INFO = NO;
				MTL_FAST_MATH = YES;
				SDKROOT = iphoneos;
				SWIFT_COMPILATION_MODE = wholemodule;
				VALIDATE_PRODUCT = YES;
			};
			name = Release;
		};
		FB408D782D6F79AB009DA795 /* Debug */ = {
			isa = XCBuildConfiguration;
			buildSettings = {
				ASSETCATALOG_COMPILER_APPICON_NAME = AppIcon;
				ASSETCATALOG_COMPILER_GLOBAL_ACCENT_COLOR_NAME = AccentColor;
				CODE_SIGN_STYLE = Automatic;
				CURRENT_PROJECT_VERSION = 1;
				DEVELOPMENT_ASSET_PATHS = "\"Agenda_shuffle/Preview Content\"";
				ENABLE_PREVIEWS = YES;
				GENERATE_INFOPLIST_FILE = YES;
				INFOPLIST_KEY_UIApplicationSceneManifest_Generation = YES;
				INFOPLIST_KEY_UIApplicationSupportsIndirectInputEvents = YES;
				INFOPLIST_KEY_UILaunchScreen_Generation = YES;
				INFOPLIST_KEY_UISupportedInterfaceOrientations_iPad = "UIInterfaceOrientationPortrait UIInterfaceOrientationPortraitUpsideDown UIInterfaceOrientationLandscapeLeft UIInterfaceOrientationLandscapeRight";
				INFOPLIST_KEY_UISupportedInterfaceOrientations_iPhone = "UIInterfaceOrientationPortrait UIInterfaceOrientationLandscapeLeft UIInterfaceOrientationLandscapeRight";
				LD_RUNPATH_SEARCH_PATHS = (
					"$(inherited)",
					"@executable_path/Frameworks",
				);
				MARKETING_VERSION = 1.0;
				PRODUCT_BUNDLE_IDENTIFIER = "alumnos.uacj.Agenda-shuffle";
				PRODUCT_NAME = "$(TARGET_NAME)";
				SWIFT_EMIT_LOC_STRINGS = YES;
				SWIFT_VERSION = 5.0;
				TARGETED_DEVICE_FAMILY = "1,2";
			};
			name = Debug;
		};
		FB408D792D6F79AB009DA795 /* Release */ = {
			isa = XCBuildConfiguration;
			buildSettings = {
				ASSETCATALOG_COMPILER_APPICON_NAME = AppIcon;
				ASSETCATALOG_COMPILER_GLOBAL_ACCENT_COLOR_NAME = AccentColor;
				CODE_SIGN_STYLE = Automatic;
				CURRENT_PROJECT_VERSION = 1;
				DEVELOPMENT_ASSET_PATHS = "\"Agenda_shuffle/Preview Content\"";
				ENABLE_PREVIEWS = YES;
				GENERATE_INFOPLIST_FILE = YES;
				INFOPLIST_KEY_UIApplicationSceneManifest_Generation = YES;
				INFOPLIST_KEY_UIApplicationSupportsIndirectInputEvents = YES;
				INFOPLIST_KEY_UILaunchScreen_Generation = YES;
				INFOPLIST_KEY_UISupportedInterfaceOrientations_iPad = "UIInterfaceOrientationPortrait UIInterfaceOrientationPortraitUpsideDown UIInterfaceOrientationLandscapeLeft UIInterfaceOrientationLandscapeRight";
				INFOPLIST_KEY_UISupportedInterfaceOrientations_iPhone = "UIInterfaceOrientationPortrait UIInterfaceOrientationLandscapeLeft UIInterfaceOrientationLandscapeRight";
				LD_RUNPATH_SEARCH_PATHS = (
					"$(inherited)",
					"@executable_path/Frameworks",
				);
				MARKETING_VERSION = 1.0;
				PRODUCT_BUNDLE_IDENTIFIER = "alumnos.uacj.Agenda-shuffle";
				PRODUCT_NAME = "$(TARGET_NAME)";
				SWIFT_EMIT_LOC_STRINGS = YES;
				SWIFT_VERSION = 5.0;
				TARGETED_DEVICE_FAMILY = "1,2";
			};
			name = Release;
		};
		FB408D7B2D6F79AB009DA795 /* Debug */ = {
			isa = XCBuildConfiguration;
			buildSettings = {
				ALWAYS_EMBED_SWIFT_STANDARD_LIBRARIES = YES;
				BUNDLE_LOADER = "$(TEST_HOST)";
				CODE_SIGN_STYLE = Automatic;
				CURRENT_PROJECT_VERSION = 1;
				GENERATE_INFOPLIST_FILE = YES;
				IPHONEOS_DEPLOYMENT_TARGET = 17.5;
				MARKETING_VERSION = 1.0;
				PRODUCT_BUNDLE_IDENTIFIER = "alumnos.uacj.Agenda-shuffleTests";
				PRODUCT_NAME = "$(TARGET_NAME)";
				SWIFT_EMIT_LOC_STRINGS = NO;
				SWIFT_VERSION = 5.0;
				TARGETED_DEVICE_FAMILY = "1,2";
				TEST_HOST = "$(BUILT_PRODUCTS_DIR)/Agenda_shuffle.app/$(BUNDLE_EXECUTABLE_FOLDER_PATH)/Agenda_shuffle";
			};
			name = Debug;
		};
		FB408D7C2D6F79AB009DA795 /* Release */ = {
			isa = XCBuildConfiguration;
			buildSettings = {
				ALWAYS_EMBED_SWIFT_STANDARD_LIBRARIES = YES;
				BUNDLE_LOADER = "$(TEST_HOST)";
				CODE_SIGN_STYLE = Automatic;
				CURRENT_PROJECT_VERSION = 1;
				GENERATE_INFOPLIST_FILE = YES;
				IPHONEOS_DEPLOYMENT_TARGET = 17.5;
				MARKETING_VERSION = 1.0;
				PRODUCT_BUNDLE_IDENTIFIER = "alumnos.uacj.Agenda-shuffleTests";
				PRODUCT_NAME = "$(TARGET_NAME)";
				SWIFT_EMIT_LOC_STRINGS = NO;
				SWIFT_VERSION = 5.0;
				TARGETED_DEVICE_FAMILY = "1,2";
				TEST_HOST = "$(BUILT_PRODUCTS_DIR)/Agenda_shuffle.app/$(BUNDLE_EXECUTABLE_FOLDER_PATH)/Agenda_shuffle";
			};
			name = Release;
		};
		FB408D7E2D6F79AB009DA795 /* Debug */ = {
			isa = XCBuildConfiguration;
			buildSettings = {
				ALWAYS_EMBED_SWIFT_STANDARD_LIBRARIES = YES;
				CODE_SIGN_STYLE = Automatic;
				CURRENT_PROJECT_VERSION = 1;
				GENERATE_INFOPLIST_FILE = YES;
				MARKETING_VERSION = 1.0;
				PRODUCT_BUNDLE_IDENTIFIER = "alumnos.uacj.Agenda-shuffleUITests";
				PRODUCT_NAME = "$(TARGET_NAME)";
				SWIFT_EMIT_LOC_STRINGS = NO;
				SWIFT_VERSION = 5.0;
				TARGETED_DEVICE_FAMILY = "1,2";
				TEST_TARGET_NAME = Agenda_shuffle;
			};
			name = Debug;
		};
		FB408D7F2D6F79AB009DA795 /* Release */ = {
			isa = XCBuildConfiguration;
			buildSettings = {
				ALWAYS_EMBED_SWIFT_STANDARD_LIBRARIES = YES;
				CODE_SIGN_STYLE = Automatic;
				CURRENT_PROJECT_VERSION = 1;
				GENERATE_INFOPLIST_FILE = YES;
				MARKETING_VERSION = 1.0;
				PRODUCT_BUNDLE_IDENTIFIER = "alumnos.uacj.Agenda-shuffleUITests";
				PRODUCT_NAME = "$(TARGET_NAME)";
				SWIFT_EMIT_LOC_STRINGS = NO;
				SWIFT_VERSION = 5.0;
				TARGETED_DEVICE_FAMILY = "1,2";
				TEST_TARGET_NAME = Agenda_shuffle;
			};
			name = Release;
		};
/* End XCBuildConfiguration section */

/* Begin XCConfigurationList section */
		FB408D4E2D6F79AA009DA795 /* Build configuration list for PBXProject "Agenda_shuffle" */ = {
			isa = XCConfigurationList;
			buildConfigurations = (
				FB408D752D6F79AB009DA795 /* Debug */,
				FB408D762D6F79AB009DA795 /* Release */,
			);
			defaultConfigurationIsVisible = 0;
			defaultConfigurationName = Release;
		};
		FB408D772D6F79AB009DA795 /* Build configuration list for PBXNativeTarget "Agenda_shuffle" */ = {
			isa = XCConfigurationList;
			buildConfigurations = (
				FB408D782D6F79AB009DA795 /* Debug */,
				FB408D792D6F79AB009DA795 /* Release */,
			);
			defaultConfigurationIsVisible = 0;
			defaultConfigurationName = Release;
		};
		FB408D7A2D6F79AB009DA795 /* Build configuration list for PBXNativeTarget "Agenda_shuffleTests" */ = {
			isa = XCConfigurationList;
			buildConfigurations = (
				FB408D7B2D6F79AB009DA795 /* Debug */,
				FB408D7C2D6F79AB009DA795 /* Release */,
			);
			defaultConfigurationIsVisible = 0;
			defaultConfigurationName = Release;
		};
		FB408D7D2D6F79AB009DA795 /* Build configuration list for PBXNativeTarget "Agenda_shuffleUITests" */ = {
			isa = XCConfigurationList;
			buildConfigurations = (
				FB408D7E2D6F79AB009DA795 /* Debug */,
				FB408D7F2D6F79AB009DA795 /* Release */,
			);
			defaultConfigurationIsVisible = 0;
			defaultConfigurationName = Release;
		};
/* End XCConfigurationList section */
	};
	rootObject = FB408D4B2D6F79AA009DA795 /* Project object */;
}
